
Microsoft Visual Studio Solution File, Format Version 12.00
# Visual Studio Version 17
VisualStudioVersion = 17.5.33516.290
MinimumVisualStudioVersion = 10.0.40219.1
Project("{FAE04EC0-301F-11D3-BF4B-00C04F79EFBC}") = "Ejercicio de la clase 4", "Ejercicio de la clase 4\Ejercicio de la clase 4.csproj", "{EDB13E79-5FD1-45A4-A4FC-E896AA51461B}"
EndProject
Global
	GlobalSection(SolutionConfigurationPlatforms) = preSolution
		Debug|Any CPU = Debug|Any CPU
		Release|Any CPU = Release|Any CPU
	EndGlobalSection
	GlobalSection(ProjectConfigurationPlatforms) = postSolution
		{EDB13E79-5FD1-45A4-A4FC-E896AA51461B}.Debug|Any CPU.ActiveCfg = Debug|Any CPU
		{EDB13E79-5FD1-45A4-A4FC-E896AA51461B}.Debug|Any CPU.Build.0 = Debug|Any CPU
		{EDB13E79-5FD1-45A4-A4FC-E896AA51461B}.Release|Any CPU.ActiveCfg = Release|Any CPU
		{EDB13E79-5FD1-45A4-A4FC-E896AA51461B}.Release|Any CPU.Build.0 = Release|Any CPU
	EndGlobalSection
	GlobalSection(SolutionProperties) = preSolution
		HideSolutionNode = FALSE
	EndGlobalSection
	GlobalSection(ExtensibilityGlobals) = postSolution
		SolutionGuid = {555A6580-2F4B-4D4F-961A-6DF2CD469F45}
	EndGlobalSection
EndGlobal
